// !$*UTF8*$!
{
	archiveVersion = 1;
	classes = {
	};
	objectVersion = 46;
	objects = {

/* Begin PBXBuildFile section */
		664A83AE1C7918E700045A05 /* AppDelegate.swift in Sources */ = {isa = PBXBuildFile; fileRef = 664A83AD1C7918E700045A05 /* AppDelegate.swift */; };
		664A83B51C7918E700045A05 /* Assets.xcassets in Resources */ = {isa = PBXBuildFile; fileRef = 664A83B41C7918E700045A05 /* Assets.xcassets */; };
		664A83C01C7919D000045A05 /* Default-568h@2x.png in Resources */ = {isa = PBXBuildFile; fileRef = 664A83BF1C7919D000045A05 /* Default-568h@2x.png */; };
		664A83C21C7936FE00045A05 /* PaintingListViewController.swift in Sources */ = {isa = PBXBuildFile; fileRef = 664A83C11C7936FE00045A05 /* PaintingListViewController.swift */; };
		664A83C41C793D0E00045A05 /* PaintingViewController.swift in Sources */ = {isa = PBXBuildFile; fileRef = 664A83C31C793D0E00045A05 /* PaintingViewController.swift */; };
		664A83C61C79583700045A05 /* PaintingCollection.swift in Sources */ = {isa = PBXBuildFile; fileRef = 664A83C51C79583700045A05 /* PaintingCollection.swift */; };
		664A83C81C795A8B00045A05 /* Painting.swift in Sources */ = {isa = PBXBuildFile; fileRef = 664A83C71C795A8B00045A05 /* Painting.swift */; };
		664A83CA1C795B1D00045A05 /* Stroke.swift in Sources */ = {isa = PBXBuildFile; fileRef = 664A83C91C795B1D00045A05 /* Stroke.swift */; };
		664A83CC1C795B2E00045A05 /* Color.swift in Sources */ = {isa = PBXBuildFile; fileRef = 664A83CB1C795B2E00045A05 /* Color.swift */; };
		664A83D01C79637000045A05 /* BrushSettingsViewController.swift in Sources */ = {isa = PBXBuildFile; fileRef = 664A83CF1C79637000045A05 /* BrushSettingsViewController.swift */; };
		66A09FF71C7B7CCB0062991C /* PaintingView.swift in Sources */ = {isa = PBXBuildFile; fileRef = 66A09FF61C7B7CCB0062991C /* PaintingView.swift */; };
		66AFE7641C79862100F51FFE /* BrushSettingsView.swift in Sources */ = {isa = PBXBuildFile; fileRef = 66AFE7631C79862100F51FFE /* BrushSettingsView.swift */; };
		66B166A91C7E86E80040BF11 /* CellView.swift in Sources */ = {isa = PBXBuildFile; fileRef = 66B166A81C7E86E80040BF11 /* CellView.swift */; };
		66B166AB1C80E5950040BF11 /* PaintingShowView.swift in Sources */ = {isa = PBXBuildFile; fileRef = 66B166AA1C80E5950040BF11 /* PaintingShowView.swift */; };
/* End PBXBuildFile section */

/* Begin PBXFileReference section */
		664A83AA1C7918E700045A05 /* Painting.app */ = {isa = PBXFileReference; explicitFileType = wrapper.application; includeInIndex = 0; path = Painting.app; sourceTree = BUILT_PRODUCTS_DIR; };
		664A83AD1C7918E700045A05 /* AppDelegate.swift */ = {isa = PBXFileReference; lastKnownFileType = sourcecode.swift; name = AppDelegate.swift; path = Things/AppDelegate.swift; sourceTree = "<group>"; };
		664A83B41C7918E700045A05 /* Assets.xcassets */ = {isa = PBXFileReference; lastKnownFileType = folder.assetcatalog; name = Assets.xcassets; path = Things/Assets.xcassets; sourceTree = "<group>"; };
		664A83B91C7918E700045A05 /* Info.plist */ = {isa = PBXFileReference; lastKnownFileType = text.plist.xml; name = Info.plist; path = Things/Info.plist; sourceTree = "<group>"; };
		664A83BF1C7919D000045A05 /* Default-568h@2x.png */ = {isa = PBXFileReference; lastKnownFileType = image.png; path = "Default-568h@2x.png"; sourceTree = "<group>"; };
		664A83C11C7936FE00045A05 /* PaintingListViewController.swift */ = {isa = PBXFileReference; fileEncoding = 4; lastKnownFileType = sourcecode.swift; path = PaintingListViewController.swift; sourceTree = "<group>"; };
		664A83C31C793D0E00045A05 /* PaintingViewController.swift */ = {isa = PBXFileReference; fileEncoding = 4; lastKnownFileType = sourcecode.swift; path = PaintingViewController.swift; sourceTree = "<group>"; };
		664A83C51C79583700045A05 /* PaintingCollection.swift */ = {isa = PBXFileReference; fileEncoding = 4; lastKnownFileType = sourcecode.swift; path = PaintingCollection.swift; sourceTree = "<group>"; };
		664A83C71C795A8B00045A05 /* Painting.swift */ = {isa = PBXFileReference; fileEncoding = 4; lastKnownFileType = sourcecode.swift; path = Painting.swift; sourceTree = "<group>"; };
		664A83C91C795B1D00045A05 /* Stroke.swift */ = {isa = PBXFileReference; fileEncoding = 4; lastKnownFileType = sourcecode.swift; path = Stroke.swift; sourceTree = "<group>"; };
		664A83CB1C795B2E00045A05 /* Color.swift */ = {isa = PBXFileReference; fileEncoding = 4; lastKnownFileType = sourcecode.swift; path = Color.swift; sourceTree = "<group>"; };
		664A83CF1C79637000045A05 /* BrushSettingsViewController.swift */ = {isa = PBXFileReference; fileEncoding = 4; lastKnownFileType = sourcecode.swift; path = BrushSettingsViewController.swift; sourceTree = "<group>"; };
		66A09FF61C7B7CCB0062991C /* PaintingView.swift */ = {isa = PBXFileReference; fileEncoding = 4; lastKnownFileType = sourcecode.swift; path = PaintingView.swift; sourceTree = "<group>"; };
		66AFE7631C79862100F51FFE /* BrushSettingsView.swift */ = {isa = PBXFileReference; fileEncoding = 4; lastKnownFileType = sourcecode.swift; path = BrushSettingsView.swift; sourceTree = "<group>"; };
		66B166A81C7E86E80040BF11 /* CellView.swift */ = {isa = PBXFileReference; fileEncoding = 4; lastKnownFileType = sourcecode.swift; path = CellView.swift; sourceTree = "<group>"; };
		66B166AA1C80E5950040BF11 /* PaintingShowView.swift */ = {isa = PBXFileReference; fileEncoding = 4; lastKnownFileType = sourcecode.swift; path = PaintingShowView.swift; sourceTree = "<group>"; };
/* End PBXFileReference section */

/* Begin PBXFrameworksBuildPhase section */
		664A83A71C7918E700045A05 /* Frameworks */ = {
			isa = PBXFrameworksBuildPhase;
			buildActionMask = 2147483647;
			files = (
			);
			runOnlyForDeploymentPostprocessing = 0;
		};
/* End PBXFrameworksBuildPhase section */

/* Begin PBXGroup section */
		664A83A11C7918E700045A05 = {
			isa = PBXGroup;
			children = (
				664A83BF1C7919D000045A05 /* Default-568h@2x.png */,
				664A83AD1C7918E700045A05 /* AppDelegate.swift */,
				664A83B41C7918E700045A05 /* Assets.xcassets */,
				664A83B91C7918E700045A05 /* Info.plist */,
				664A83AB1C7918E700045A05 /* Products */,
				66A09FF51C7B78700062991C /* Gallery */,
				664A83AC1C7918E700045A05 /* Painting */,
				66A09FF41C7B76C50062991C /* Painting Components */,
				66A09FF31C7B76B60062991C /* Brush Settings */,
			);
			sourceTree = "<group>";
		};
		664A83AB1C7918E700045A05 /* Products */ = {
			isa = PBXGroup;
			children = (
				664A83AA1C7918E700045A05 /* Painting.app */,
			);
			name = Products;
			sourceTree = "<group>";
		};
		664A83AC1C7918E700045A05 /* Painting */ = {
			isa = PBXGroup;
			children = (
				664A83C31C793D0E00045A05 /* PaintingViewController.swift */,
				66A09FF61C7B7CCB0062991C /* PaintingView.swift */,
				66B166AA1C80E5950040BF11 /* PaintingShowView.swift */,
			);
			name = Painting;
			path = Things;
			sourceTree = "<group>";
		};
		66A09FF31C7B76B60062991C /* Brush Settings */ = {
			isa = PBXGroup;
			children = (
				664A83CF1C79637000045A05 /* BrushSettingsViewController.swift */,
				66AFE7631C79862100F51FFE /* BrushSettingsView.swift */,
			);
			name = "Brush Settings";
			path = Things;
			sourceTree = "<group>";
		};
		66A09FF41C7B76C50062991C /* Painting Components */ = {
			isa = PBXGroup;
			children = (
				664A83C51C79583700045A05 /* PaintingCollection.swift */,
				664A83C71C795A8B00045A05 /* Painting.swift */,
				664A83C91C795B1D00045A05 /* Stroke.swift */,
				664A83CB1C795B2E00045A05 /* Color.swift */,
			);
			name = "Painting Components";
			path = Things;
			sourceTree = "<group>";
		};
		66A09FF51C7B78700062991C /* Gallery */ = {
			isa = PBXGroup;
			children = (
				664A83C11C7936FE00045A05 /* PaintingListViewController.swift */,
				66B166A81C7E86E80040BF11 /* CellView.swift */,
			);
			name = Gallery;
			path = Things;
			sourceTree = "<group>";
		};
/* End PBXGroup section */

/* Begin PBXNativeTarget section */
		664A83A91C7918E700045A05 /* Painting */ = {
			isa = PBXNativeTarget;
			buildConfigurationList = 664A83BC1C7918E700045A05 /* Build configuration list for PBXNativeTarget "Painting" */;
			buildPhases = (
				664A83A61C7918E700045A05 /* Sources */,
				664A83A71C7918E700045A05 /* Frameworks */,
				664A83A81C7918E700045A05 /* Resources */,
			);
			buildRules = (
			);
			dependencies = (
			);
			name = Painting;
			productName = Things;
			productReference = 664A83AA1C7918E700045A05 /* Painting.app */;
			productType = "com.apple.product-type.application";
		};
/* End PBXNativeTarget section */

/* Begin PBXProject section */
		664A83A21C7918E700045A05 /* Project object */ = {
			isa = PBXProject;
			attributes = {
				LastSwiftUpdateCheck = 0720;
				LastUpgradeCheck = 0720;
				ORGANIZATIONNAME = "Adam Rosenberg";
				TargetAttributes = {
					664A83A91C7918E700045A05 = {
						CreatedOnToolsVersion = 7.2.1;
						DevelopmentTeam = PX79965Z33;
						LastSwiftMigration = 0810;
					};
				};
			};
			buildConfigurationList = 664A83A51C7918E700045A05 /* Build configuration list for PBXProject "Painting" */;
			compatibilityVersion = "Xcode 3.2";
			developmentRegion = English;
			hasScannedForEncodings = 0;
			knownRegions = (
				en,
				Base,
			);
			mainGroup = 664A83A11C7918E700045A05;
			productRefGroup = 664A83AB1C7918E700045A05 /* Products */;
			projectDirPath = "";
			projectRoot = "";
			targets = (
				664A83A91C7918E700045A05 /* Painting */,
			);
		};
/* End PBXProject section */

/* Begin PBXResourcesBuildPhase section */
		664A83A81C7918E700045A05 /* Resources */ = {
			isa = PBXResourcesBuildPhase;
			buildActionMask = 2147483647;
			files = (
				664A83B51C7918E700045A05 /* Assets.xcassets in Resources */,
				664A83C01C7919D000045A05 /* Default-568h@2x.png in Resources */,
			);
			runOnlyForDeploymentPostprocessing = 0;
		};
/* End PBXResourcesBuildPhase section */

/* Begin PBXSourcesBuildPhase section */
		664A83A61C7918E700045A05 /* Sources */ = {
			isa = PBXSourcesBuildPhase;
			buildActionMask = 2147483647;
			files = (
				66B166A91C7E86E80040BF11 /* CellView.swift in Sources */,
				66AFE7641C79862100F51FFE /* BrushSettingsView.swift in Sources */,
				66A09FF71C7B7CCB0062991C /* PaintingView.swift in Sources */,
				664A83C41C793D0E00045A05 /* PaintingViewController.swift in Sources */,
				664A83CA1C795B1D00045A05 /* Stroke.swift in Sources */,
				664A83CC1C795B2E00045A05 /* Color.swift in Sources */,
				664A83C61C79583700045A05 /* PaintingCollection.swift in Sources */,
				664A83D01C79637000045A05 /* BrushSettingsViewController.swift in Sources */,
				664A83C81C795A8B00045A05 /* Painting.swift in Sources */,
				664A83AE1C7918E700045A05 /* AppDelegate.swift in Sources */,
				664A83C21C7936FE00045A05 /* PaintingListViewController.swift in Sources */,
				66B166AB1C80E5950040BF11 /* PaintingShowView.swift in Sources */,
			);
			runOnlyForDeploymentPostprocessing = 0;
		};
/* End PBXSourcesBuildPhase section */

/* Begin XCBuildConfiguration section */
		664A83BA1C7918E700045A05 /* Debug */ = {
			isa = XCBuildConfiguration;
			buildSettings = {
				ALWAYS_SEARCH_USER_PATHS = NO;
				CLANG_CXX_LANGUAGE_STANDARD = "gnu++0x";
				CLANG_CXX_LIBRARY = "libc++";
				CLANG_ENABLE_MODULES = YES;
				CLANG_ENABLE_OBJC_ARC = YES;
				CLANG_WARN_BOOL_CONVERSION = YES;
				CLANG_WARN_CONSTANT_CONVERSION = YES;
				CLANG_WARN_DIRECT_OBJC_ISA_USAGE = YES_ERROR;
				CLANG_WARN_EMPTY_BODY = YES;
				CLANG_WARN_ENUM_CONVERSION = YES;
				CLANG_WARN_INT_CONVERSION = YES;
				CLANG_WARN_OBJC_ROOT_CLASS = YES_ERROR;
				CLANG_WARN_UNREACHABLE_CODE = YES;
				CLANG_WARN__DUPLICATE_METHOD_MATCH = YES;
				"CODE_SIGN_IDENTITY[sdk=iphoneos*]" = "iPhone Developer";
				COPY_PHASE_STRIP = NO;
				DEBUG_INFORMATION_FORMAT = dwarf;
				ENABLE_STRICT_OBJC_MSGSEND = YES;
				ENABLE_TESTABILITY = YES;
				GCC_C_LANGUAGE_STANDARD = gnu99;
				GCC_DYNAMIC_NO_PIC = NO;
				GCC_NO_COMMON_BLOCKS = YES;
				GCC_OPTIMIZATION_LEVEL = 0;
				GCC_PREPROCESSOR_DEFINITIONS = (
					"DEBUG=1",
					"$(inherited)",
				);
				GCC_WARN_64_TO_32_BIT_CONVERSION = YES;
				GCC_WARN_ABOUT_RETURN_TYPE = YES_ERROR;
				GCC_WARN_UNDECLARED_SELECTOR = YES;
				GCC_WARN_UNINITIALIZED_AUTOS = YES_AGGRESSIVE;
				GCC_WARN_UNUSED_FUNCTION = YES;
				GCC_WARN_UNUSED_VARIABLE = YES;
				IPHONEOS_DEPLOYMENT_TARGET = 9.2;
				MTL_ENABLE_DEBUG_INFO = YES;
				ONLY_ACTIVE_ARCH = YES;
				SDKROOT = iphoneos;
				SWIFT_OPTIMIZATION_LEVEL = "-Onone";
				TARGETED_DEVICE_FAMILY = "1,2";
			};
			name = Debug;
		};
		664A83BB1C7918E700045A05 /* Release */ = {
			isa = XCBuildConfiguration;
			buildSettings = {
				ALWAYS_SEARCH_USER_PATHS = NO;
				CLANG_CXX_LANGUAGE_STANDARD = "gnu++0x";
				CLANG_CXX_LIBRARY = "libc++";
				CLANG_ENABLE_MODULES = YES;
				CLANG_ENABLE_OBJC_ARC = YES;
				CLANG_WARN_BOOL_CONVERSION = YES;
				CLANG_WARN_CONSTANT_CONVERSION = YES;
				CLANG_WARN_DIRECT_OBJC_ISA_USAGE = YES_ERROR;
				CLANG_WARN_EMPTY_BODY = YES;
				CLANG_WARN_ENUM_CONVERSION = YES;
				CLANG_WARN_INT_CONVERSION = YES;
				CLANG_WARN_OBJC_ROOT_CLASS = YES_ERROR;
				CLANG_WARN_UNREACHABLE_CODE = YES;
				CLANG_WARN__DUPLICATE_METHOD_MATCH = YES;
				"CODE_SIGN_IDENTITY[sdk=iphoneos*]" = "iPhone Developer";
				COPY_PHASE_STRIP = NO;
				DEBUG_INFORMATION_FORMAT = "dwarf-with-dsym";
				ENABLE_NS_ASSERTIONS = NO;
				ENABLE_STRICT_OBJC_MSGSEND = YES;
				GCC_C_LANGUAGE_STANDARD = gnu99;
				GCC_NO_COMMON_BLOCKS = YES;
				GCC_WARN_64_TO_32_BIT_CONVERSION = YES;
				GCC_WARN_ABOUT_RETURN_TYPE = YES_ERROR;
				GCC_WARN_UNDECLARED_SELECTOR = YES;
				GCC_WARN_UNINITIALIZED_AUTOS = YES_AGGRESSIVE;
				GCC_WARN_UNUSED_FUNCTION = YES;
				GCC_WARN_UNUSED_VARIABLE = YES;
				IPHONEOS_DEPLOYMENT_TARGET = 9.2;
				MTL_ENABLE_DEBUG_INFO = NO;
				SDKROOT = iphoneos;
				TARGETED_DEVICE_FAMILY = "1,2";
				VALIDATE_PRODUCT = YES;
			};
			name = Release;
		};
		664A83BD1C7918E700045A05 /* Debug */ = {
			isa = XCBuildConfiguration;
			buildSettings = {
				ASSETCATALOG_COMPILER_APPICON_NAME = AppIcon;
				INFOPLIST_FILE = Things/Info.plist;
				LD_RUNPATH_SEARCH_PATHS = "$(inherited) @executable_path/Frameworks";
				PRODUCT_BUNDLE_IDENTIFIER = edu.utah.cs.Things;
				PRODUCT_NAME = Painting;
				SWIFT_VERSION = 3.0;
			};
			name = Debug;
		};
		664A83BE1C7918E700045A05 /* Release */ = {
			isa = XCBuildConfiguration;
			buildSettings = {
				ASSETCATALOG_COMPILER_APPICON_NAME = AppIcon;
				INFOPLIST_FILE = Things/Info.plist;
				LD_RUNPATH_SEARCH_PATHS = "$(inherited) @executable_path/Frameworks";
				PRODUCT_BUNDLE_IDENTIFIER = edu.utah.cs.Things;
				PRODUCT_NAME = Painting;
				SWIFT_VERSION = 3.0;
			};
			name = Release;
		};
/* End XCBuildConfiguration section */

/* Begin XCConfigurationList section */
		664A83A51C7918E700045A05 /* Build configuration list for PBXProject "Painting" */ = {
			isa = XCConfigurationList;
			buildConfigurations = (
				664A83BA1C7918E700045A05 /* Debug */,
				664A83BB1C7918E700045A05 /* Release */,
			);
			defaultConfigurationIsVisible = 0;
			defaultConfigurationName = Release;
		};
		664A83BC1C7918E700045A05 /* Build configuration list for PBXNativeTarget "Painting" */ = {
			isa = XCConfigurationList;
			buildConfigurations = (
				664A83BD1C7918E700045A05 /* Debug */,
				664A83BE1C7918E700045A05 /* Release */,
			);
			defaultConfigurationIsVisible = 0;
			defaultConfigurationName = Release;
		};
/* End XCConfigurationList section */
	};
	rootObject = 664A83A21C7918E700045A05 /* Project object */;
}
